// !$*UTF8*$!
{
	archiveVersion = 1;
	classes = {
	};
	objectVersion = 54;
	objects = {

/* Begin PBXBuildFile section */
		18BC4CE229A630D700BBA669 /* AppDelegate.swift in Sources */ = {isa = PBXBuildFile; fileRef = 18BC4CE129A630D700BBA669 /* AppDelegate.swift */; };
		18BC4CE429A630D700BBA669 /* SceneDelegate.swift in Sources */ = {isa = PBXBuildFile; fileRef = 18BC4CE329A630D700BBA669 /* SceneDelegate.swift */; };
		18BC4CE629A630D700BBA669 /* ViewController.swift in Sources */ = {isa = PBXBuildFile; fileRef = 18BC4CE529A630D700BBA669 /* ViewController.swift */; };
		18BC4CE929A630D700BBA669 /* Main.storyboard in Resources */ = {isa = PBXBuildFile; fileRef = 18BC4CE729A630D700BBA669 /* Main.storyboard */; };
		18BC4CEB29A630DA00BBA669 /* Assets.xcassets in Resources */ = {isa = PBXBuildFile; fileRef = 18BC4CEA29A630DA00BBA669 /* Assets.xcassets */; };
		18BC4CEE29A630DA00BBA669 /* LaunchScreen.storyboard in Resources */ = {isa = PBXBuildFile; fileRef = 18BC4CEC29A630DA00BBA669 /* LaunchScreen.storyboard */; };
		18BC4CF729A6330D00BBA669 /* Localizable.strings in Resources */ = {isa = PBXBuildFile; fileRef = 18BC4CF929A6330D00BBA669 /* Localizable.strings */; };
		18BC4D0429A6475F00BBA669 /* Colors.xcassets in Resources */ = {isa = PBXBuildFile; fileRef = 18BC4D0329A6475F00BBA669 /* Colors.xcassets */; };
		18BC4D0729A6535900BBA669 /* XCAssets+Generated.swift in Sources */ = {isa = PBXBuildFile; fileRef = 18BC4D0529A6535900BBA669 /* XCAssets+Generated.swift */; };
		18BC4D0829A6535900BBA669 /* Strings+Generated.swift in Sources */ = {isa = PBXBuildFile; fileRef = 18BC4D0629A6535900BBA669 /* Strings+Generated.swift */; };
		84F8815D97CBFC0567F326B4 /* Pods_LocalizationDemo.framework in Frameworks */ = {isa = PBXBuildFile; fileRef = 661C5F8DED0D4DC4D1F8C433 /* Pods_LocalizationDemo.framework */; };
/* End PBXBuildFile section */

/* Begin PBXFileReference section */
		18BC4CDE29A630D700BBA669 /* LocalizationDemo.app */ = {isa = PBXFileReference; explicitFileType = wrapper.application; includeInIndex = 0; path = LocalizationDemo.app; sourceTree = BUILT_PRODUCTS_DIR; };
		18BC4CE129A630D700BBA669 /* AppDelegate.swift */ = {isa = PBXFileReference; lastKnownFileType = sourcecode.swift; path = AppDelegate.swift; sourceTree = "<group>"; };
		18BC4CE329A630D700BBA669 /* SceneDelegate.swift */ = {isa = PBXFileReference; lastKnownFileType = sourcecode.swift; path = SceneDelegate.swift; sourceTree = "<group>"; };
		18BC4CE529A630D700BBA669 /* ViewController.swift */ = {isa = PBXFileReference; lastKnownFileType = sourcecode.swift; path = ViewController.swift; sourceTree = "<group>"; };
		18BC4CE829A630D700BBA669 /* Base */ = {isa = PBXFileReference; lastKnownFileType = file.storyboard; name = Base; path = Base.lproj/Main.storyboard; sourceTree = "<group>"; };
		18BC4CEA29A630DA00BBA669 /* Assets.xcassets */ = {isa = PBXFileReference; lastKnownFileType = folder.assetcatalog; path = Assets.xcassets; sourceTree = "<group>"; };
		18BC4CED29A630DA00BBA669 /* Base */ = {isa = PBXFileReference; lastKnownFileType = file.storyboard; name = Base; path = Base.lproj/LaunchScreen.storyboard; sourceTree = "<group>"; };
		18BC4CEF29A630DA00BBA669 /* Info.plist */ = {isa = PBXFileReference; lastKnownFileType = text.plist.xml; path = Info.plist; sourceTree = "<group>"; };
		18BC4CF829A6330D00BBA669 /* en */ = {isa = PBXFileReference; lastKnownFileType = text.plist.strings; name = en; path = en.lproj/Localizable.strings; sourceTree = "<group>"; };
		18BC4CFD29A6381C00BBA669 /* hi */ = {isa = PBXFileReference; lastKnownFileType = text.plist.strings; name = hi; path = hi.lproj/Main.strings; sourceTree = "<group>"; };
		18BC4CFE29A6381C00BBA669 /* hi */ = {isa = PBXFileReference; lastKnownFileType = text.plist.strings; name = hi; path = hi.lproj/LaunchScreen.strings; sourceTree = "<group>"; };
		18BC4CFF29A6381C00BBA669 /* hi */ = {isa = PBXFileReference; lastKnownFileType = text.plist.strings; name = hi; path = hi.lproj/Localizable.strings; sourceTree = "<group>"; };
		18BC4D0029A63A9200BBA669 /* te */ = {isa = PBXFileReference; lastKnownFileType = text.plist.strings; name = te; path = te.lproj/Main.strings; sourceTree = "<group>"; };
		18BC4D0129A63A9200BBA669 /* te */ = {isa = PBXFileReference; lastKnownFileType = text.plist.strings; name = te; path = te.lproj/LaunchScreen.strings; sourceTree = "<group>"; };
		18BC4D0229A63A9200BBA669 /* te */ = {isa = PBXFileReference; lastKnownFileType = text.plist.strings; name = te; path = te.lproj/Localizable.strings; sourceTree = "<group>"; };
		18BC4D0329A6475F00BBA669 /* Colors.xcassets */ = {isa = PBXFileReference; lastKnownFileType = folder.assetcatalog; path = Colors.xcassets; sourceTree = "<group>"; };
		18BC4D0529A6535900BBA669 /* XCAssets+Generated.swift */ = {isa = PBXFileReference; fileEncoding = 4; lastKnownFileType = sourcecode.swift; path = "XCAssets+Generated.swift"; sourceTree = SOURCE_ROOT; };
		18BC4D0629A6535900BBA669 /* Strings+Generated.swift */ = {isa = PBXFileReference; fileEncoding = 4; lastKnownFileType = sourcecode.swift; path = "Strings+Generated.swift"; sourceTree = SOURCE_ROOT; };
		661C5F8DED0D4DC4D1F8C433 /* Pods_LocalizationDemo.framework */ = {isa = PBXFileReference; explicitFileType = wrapper.framework; includeInIndex = 0; path = Pods_LocalizationDemo.framework; sourceTree = BUILT_PRODUCTS_DIR; };
		9A612BD6E7BAAEEC6779C465 /* Pods-LocalizationDemo.debug.xcconfig */ = {isa = PBXFileReference; includeInIndex = 1; lastKnownFileType = text.xcconfig; name = "Pods-LocalizationDemo.debug.xcconfig"; path = "Target Support Files/Pods-LocalizationDemo/Pods-LocalizationDemo.debug.xcconfig"; sourceTree = "<group>"; };
		DC06D406E7161A7B432DBB9A /* Pods-LocalizationDemo.release.xcconfig */ = {isa = PBXFileReference; includeInIndex = 1; lastKnownFileType = text.xcconfig; name = "Pods-LocalizationDemo.release.xcconfig"; path = "Target Support Files/Pods-LocalizationDemo/Pods-LocalizationDemo.release.xcconfig"; sourceTree = "<group>"; };
/* End PBXFileReference section */

/* Begin PBXFrameworksBuildPhase section */
		18BC4CDB29A630D700BBA669 /* Frameworks */ = {
			isa = PBXFrameworksBuildPhase;
			buildActionMask = 2147483647;
			files = (
				84F8815D97CBFC0567F326B4 /* Pods_LocalizationDemo.framework in Frameworks */,
			);
			runOnlyForDeploymentPostprocessing = 0;
		};
/* End PBXFrameworksBuildPhase section */

/* Begin PBXGroup section */
		18BC4CD529A630D700BBA669 = {
			isa = PBXGroup;
			children = (
				18BC4CE029A630D700BBA669 /* LocalizationDemo */,
				18BC4CDF29A630D700BBA669 /* Products */,
				C2083B5A320B8374EC64CE74 /* Pods */,
				94806F5C62C4B022AC1FEA81 /* Frameworks */,
			);
			sourceTree = "<group>";
		};
		18BC4CDF29A630D700BBA669 /* Products */ = {
			isa = PBXGroup;
			children = (
				18BC4CDE29A630D700BBA669 /* LocalizationDemo.app */,
			);
			name = Products;
			sourceTree = "<group>";
		};
		18BC4CE029A630D700BBA669 /* LocalizationDemo */ = {
			isa = PBXGroup;
			children = (
				18BC4CE129A630D700BBA669 /* AppDelegate.swift */,
				18BC4CE329A630D700BBA669 /* SceneDelegate.swift */,
				18BC4D0629A6535900BBA669 /* Strings+Generated.swift */,
				18BC4D0529A6535900BBA669 /* XCAssets+Generated.swift */,
				18BC4CE529A630D700BBA669 /* ViewController.swift */,
				18BC4CEA29A630DA00BBA669 /* Assets.xcassets */,
				18BC4D0329A6475F00BBA669 /* Colors.xcassets */,
				18BC4CF929A6330D00BBA669 /* Localizable.strings */,
				18BC4CE729A630D700BBA669 /* Main.storyboard */,
				18BC4CEC29A630DA00BBA669 /* LaunchScreen.storyboard */,
				18BC4CEF29A630DA00BBA669 /* Info.plist */,
			);
			path = LocalizationDemo;
			sourceTree = "<group>";
		};
		94806F5C62C4B022AC1FEA81 /* Frameworks */ = {
			isa = PBXGroup;
			children = (
				661C5F8DED0D4DC4D1F8C433 /* Pods_LocalizationDemo.framework */,
			);
			name = Frameworks;
			sourceTree = "<group>";
		};
		C2083B5A320B8374EC64CE74 /* Pods */ = {
			isa = PBXGroup;
			children = (
				9A612BD6E7BAAEEC6779C465 /* Pods-LocalizationDemo.debug.xcconfig */,
				DC06D406E7161A7B432DBB9A /* Pods-LocalizationDemo.release.xcconfig */,
			);
			path = Pods;
			sourceTree = "<group>";
		};
/* End PBXGroup section */

/* Begin PBXNativeTarget section */
		18BC4CDD29A630D700BBA669 /* LocalizationDemo */ = {
			isa = PBXNativeTarget;
			buildConfigurationList = 18BC4CF229A630DA00BBA669 /* Build configuration list for PBXNativeTarget "LocalizationDemo" */;
			buildPhases = (
				F0FFFC21348192D46007102C /* [CP] Check Pods Manifest.lock */,
				18BC4CDA29A630D700BBA669 /* Sources */,
				18BC4CDB29A630D700BBA669 /* Frameworks */,
				18BC4CDC29A630D700BBA669 /* Resources */,
				18BC4CFC29A6364100BBA669 /* SwiftGen */,
			);
			buildRules = (
			);
			dependencies = (
			);
			name = LocalizationDemo;
			productName = LocalizationDemo;
			productReference = 18BC4CDE29A630D700BBA669 /* LocalizationDemo.app */;
			productType = "com.apple.product-type.application";
		};
/* End PBXNativeTarget section */

/* Begin PBXProject section */
		18BC4CD629A630D700BBA669 /* Project object */ = {
			isa = PBXProject;
			attributes = {
				BuildIndependentTargetsInParallel = 1;
				LastSwiftUpdateCheck = 1400;
				LastUpgradeCheck = 1400;
				TargetAttributes = {
					18BC4CDD29A630D700BBA669 = {
						CreatedOnToolsVersion = 14.0;
					};
				};
			};
			buildConfigurationList = 18BC4CD929A630D700BBA669 /* Build configuration list for PBXProject "LocalizationDemo" */;
			compatibilityVersion = "Xcode 12.0";
			developmentRegion = en;
			hasScannedForEncodings = 0;
			knownRegions = (
				en,
				Base,
				hi,
				te,
			);
			mainGroup = 18BC4CD529A630D700BBA669;
			productRefGroup = 18BC4CDF29A630D700BBA669 /* Products */;
			projectDirPath = "";
			projectRoot = "";
			targets = (
				18BC4CDD29A630D700BBA669 /* LocalizationDemo */,
			);
		};
/* End PBXProject section */

/* Begin PBXResourcesBuildPhase section */
		18BC4CDC29A630D700BBA669 /* Resources */ = {
			isa = PBXResourcesBuildPhase;
			buildActionMask = 2147483647;
			files = (
				18BC4CEE29A630DA00BBA669 /* LaunchScreen.storyboard in Resources */,
				18BC4CF729A6330D00BBA669 /* Localizable.strings in Resources */,
				18BC4D0429A6475F00BBA669 /* Colors.xcassets in Resources */,
				18BC4CEB29A630DA00BBA669 /* Assets.xcassets in Resources */,
				18BC4CE929A630D700BBA669 /* Main.storyboard in Resources */,
			);
			runOnlyForDeploymentPostprocessing = 0;
		};
/* End PBXResourcesBuildPhase section */

/* Begin PBXShellScriptBuildPhase section */
		18BC4CFC29A6364100BBA669 /* SwiftGen */ = {
			isa = PBXShellScriptBuildPhase;
			buildActionMask = 2147483647;
			files = (
			);
			inputFileListPaths = (
			);
			inputPaths = (
			);
			name = SwiftGen;
			outputFileListPaths = (
			);
			outputPaths = (
			);
			runOnlyForDeploymentPostprocessing = 0;
			shellPath = /bin/sh;
			shellScript = "\"$PODS_ROOT/SwiftGen/bin/swiftgen\"\n";
		};
		F0FFFC21348192D46007102C /* [CP] Check Pods Manifest.lock */ = {
			isa = PBXShellScriptBuildPhase;
			buildActionMask = 2147483647;
			files = (
			);
			inputFileListPaths = (
			);
			inputPaths = (
				"${PODS_PODFILE_DIR_PATH}/Podfile.lock",
				"${PODS_ROOT}/Manifest.lock",
			);
			name = "[CP] Check Pods Manifest.lock";
			outputFileListPaths = (
			);
			outputPaths = (
				"$(DERIVED_FILE_DIR)/Pods-LocalizationDemo-checkManifestLockResult.txt",
			);
			runOnlyForDeploymentPostprocessing = 0;
			shellPath = /bin/sh;
			shellScript = "diff \"${PODS_PODFILE_DIR_PATH}/Podfile.lock\" \"${PODS_ROOT}/Manifest.lock\" > /dev/null\nif [ $? != 0 ] ; then\n    # print error to STDERR\n    echo \"error: The sandbox is not in sync with the Podfile.lock. Run 'pod install' or update your CocoaPods installation.\" >&2\n    exit 1\nfi\n# This output is used by Xcode 'outputs' to avoid re-running this script phase.\necho \"SUCCESS\" > \"${SCRIPT_OUTPUT_FILE_0}\"\n";
			showEnvVarsInLog = 0;
		};
/* End PBXShellScriptBuildPhase section */

/* Begin PBXSourcesBuildPhase section */
		18BC4CDA29A630D700BBA669 /* Sources */ = {
			isa = PBXSourcesBuildPhase;
			buildActionMask = 2147483647;
			files = (
				18BC4D0829A6535900BBA669 /* Strings+Generated.swift in Sources */,
				18BC4CE629A630D700BBA669 /* ViewController.swift in Sources */,
				18BC4CE229A630D700BBA669 /* AppDelegate.swift in Sources */,
				18BC4CE429A630D700BBA669 /* SceneDelegate.swift in Sources */,
				18BC4D0729A6535900BBA669 /* XCAssets+Generated.swift in Sources */,
			);
			runOnlyForDeploymentPostprocessing = 0;
		};
/* End PBXSourcesBuildPhase section */

/* Begin PBXVariantGroup section */
		18BC4CE729A630D700BBA669 /* Main.storyboard */ = {
			isa = PBXVariantGroup;
			children = (
				18BC4CE829A630D700BBA669 /* Base */,
				18BC4CFD29A6381C00BBA669 /* hi */,
				18BC4D0029A63A9200BBA669 /* te */,
			);
			name = Main.storyboard;
			sourceTree = "<group>";
		};
		18BC4CEC29A630DA00BBA669 /* LaunchScreen.storyboard */ = {
			isa = PBXVariantGroup;
			children = (
				18BC4CED29A630DA00BBA669 /* Base */,
				18BC4CFE29A6381C00BBA669 /* hi */,
				18BC4D0129A63A9200BBA669 /* te */,
			);
			name = LaunchScreen.storyboard;
			sourceTree = "<group>";
		};
		18BC4CF929A6330D00BBA669 /* Localizable.strings */ = {
			isa = PBXVariantGroup;
			children = (
				18BC4CF829A6330D00BBA669 /* en */,
				18BC4CFF29A6381C00BBA669 /* hi */,
				18BC4D0229A63A9200BBA669 /* te */,
			);
			name = Localizable.strings;
			sourceTree = "<group>";
		};
/* End PBXVariantGroup section */

/* Begin XCBuildConfiguration section */
		18BC4CF029A630DA00BBA669 /* Debug */ = {
			isa = XCBuildConfiguration;
			buildSettings = {
				ALWAYS_SEARCH_USER_PATHS = NO;
				CLANG_ANALYZER_LOCALIZABILITY_NONLOCALIZED = YES;
				CLANG_ANALYZER_NONNULL = YES;
				CLANG_ANALYZER_NUMBER_OBJECT_CONVERSION = YES_AGGRESSIVE;
				CLANG_CXX_LANGUAGE_STANDARD = "gnu++20";
				CLANG_ENABLE_MODULES = YES;
				CLANG_ENABLE_OBJC_ARC = YES;
				CLANG_ENABLE_OBJC_WEAK = YES;
				CLANG_WARN_BLOCK_CAPTURE_AUTORELEASING = YES;
				CLANG_WARN_BOOL_CONVERSION = YES;
				CLANG_WARN_COMMA = YES;
				CLANG_WARN_CONSTANT_CONVERSION = YES;
				CLANG_WARN_DEPRECATED_OBJC_IMPLEMENTATIONS = YES;
				CLANG_WARN_DIRECT_OBJC_ISA_USAGE = YES_ERROR;
				CLANG_WARN_DOCUMENTATION_COMMENTS = YES;
				CLANG_WARN_EMPTY_BODY = YES;
				CLANG_WARN_ENUM_CONVERSION = YES;
				CLANG_WARN_INFINITE_RECURSION = YES;
				CLANG_WARN_INT_CONVERSION = YES;
				CLANG_WARN_NON_LITERAL_NULL_CONVERSION = YES;
				CLANG_WARN_OBJC_IMPLICIT_RETAIN_SELF = YES;
				CLANG_WARN_OBJC_LITERAL_CONVERSION = YES;
				CLANG_WARN_OBJC_ROOT_CLASS = YES_ERROR;
				CLANG_WARN_QUOTED_INCLUDE_IN_FRAMEWORK_HEADER = YES;
				CLANG_WARN_RANGE_LOOP_ANALYSIS = YES;
				CLANG_WARN_STRICT_PROTOTYPES = YES;
				CLANG_WARN_SUSPICIOUS_MOVE = YES;
				CLANG_WARN_UNGUARDED_AVAILABILITY = YES_AGGRESSIVE;
				CLANG_WARN_UNREACHABLE_CODE = YES;
				CLANG_WARN__DUPLICATE_METHOD_MATCH = YES;
				COPY_PHASE_STRIP = NO;
				DEBUG_INFORMATION_FORMAT = dwarf;
				ENABLE_STRICT_OBJC_MSGSEND = YES;
				ENABLE_TESTABILITY = YES;
				GCC_C_LANGUAGE_STANDARD = gnu11;
				GCC_DYNAMIC_NO_PIC = NO;
				GCC_NO_COMMON_BLOCKS = YES;
				GCC_OPTIMIZATION_LEVEL = 0;
				GCC_PREPROCESSOR_DEFINITIONS = (
					"DEBUG=1",
					"$(inherited)",
				);
				GCC_WARN_64_TO_32_BIT_CONVERSION = YES;
				GCC_WARN_ABOUT_RETURN_TYPE = YES_ERROR;
				GCC_WARN_UNDECLARED_SELECTOR = YES;
				GCC_WARN_UNINITIALIZED_AUTOS = YES_AGGRESSIVE;
				GCC_WARN_UNUSED_FUNCTION = YES;
				GCC_WARN_UNUSED_VARIABLE = YES;
				IPHONEOS_DEPLOYMENT_TARGET = 16.0;
				MTL_ENABLE_DEBUG_INFO = INCLUDE_SOURCE;
				MTL_FAST_MATH = YES;
				ONLY_ACTIVE_ARCH = YES;
				SDKROOT = iphoneos;
				SWIFT_ACTIVE_COMPILATION_CONDITIONS = DEBUG;
				SWIFT_OPTIMIZATION_LEVEL = "-Onone";
			};
			name = Debug;
		};
		18BC4CF129A630DA00BBA669 /* Release */ = {
			isa = XCBuildConfiguration;
			buildSettings = {
				ALWAYS_SEARCH_USER_PATHS = NO;
				CLANG_ANALYZER_LOCALIZABILITY_NONLOCALIZED = YES;
				CLANG_ANALYZER_NONNULL = YES;
				CLANG_ANALYZER_NUMBER_OBJECT_CONVERSION = YES_AGGRESSIVE;
				CLANG_CXX_LANGUAGE_STANDARD = "gnu++20";
				CLANG_ENABLE_MODULES = YES;
				CLANG_ENABLE_OBJC_ARC = YES;
				CLANG_ENABLE_OBJC_WEAK = YES;
				CLANG_WARN_BLOCK_CAPTURE_AUTORELEASING = YES;
				CLANG_WARN_BOOL_CONVERSION = YES;
				CLANG_WARN_COMMA = YES;
				CLANG_WARN_CONSTANT_CONVERSION = YES;
				CLANG_WARN_DEPRECATED_OBJC_IMPLEMENTATIONS = YES;
				CLANG_WARN_DIRECT_OBJC_ISA_USAGE = YES_ERROR;
				CLANG_WARN_DOCUMENTATION_COMMENTS = YES;
				CLANG_WARN_EMPTY_BODY = YES;
				CLANG_WARN_ENUM_CONVERSION = YES;
				CLANG_WARN_INFINITE_RECURSION = YES;
				CLANG_WARN_INT_CONVERSION = YES;
				CLANG_WARN_NON_LITERAL_NULL_CONVERSION = YES;
				CLANG_WARN_OBJC_IMPLICIT_RETAIN_SELF = YES;
				CLANG_WARN_OBJC_LITERAL_CONVERSION = YES;
				CLANG_WARN_OBJC_ROOT_CLASS = YES_ERROR;
				CLANG_WARN_QUOTED_INCLUDE_IN_FRAMEWORK_HEADER = YES;
				CLANG_WARN_RANGE_LOOP_ANALYSIS = YES;
				CLANG_WARN_STRICT_PROTOTYPES = YES;
				CLANG_WARN_SUSPICIOUS_MOVE = YES;
				CLANG_WARN_UNGUARDED_AVAILABILITY = YES_AGGRESSIVE;
				CLANG_WARN_UNREACHABLE_CODE = YES;
				CLANG_WARN__DUPLICATE_METHOD_MATCH = YES;
				COPY_PHASE_STRIP = NO;
				DEBUG_INFORMATION_FORMAT = "dwarf-with-dsym";
				ENABLE_NS_ASSERTIONS = NO;
				ENABLE_STRICT_OBJC_MSGSEND = YES;
				GCC_C_LANGUAGE_STANDARD = gnu11;
				GCC_NO_COMMON_BLOCKS = YES;
				GCC_WARN_64_TO_32_BIT_CONVERSION = YES;
				GCC_WARN_ABOUT_RETURN_TYPE = YES_ERROR;
				GCC_WARN_UNDECLARED_SELECTOR = YES;
				GCC_WARN_UNINITIALIZED_AUTOS = YES_AGGRESSIVE;
				GCC_WARN_UNUSED_FUNCTION = YES;
				GCC_WARN_UNUSED_VARIABLE = YES;
				IPHONEOS_DEPLOYMENT_TARGET = 16.0;
				MTL_ENABLE_DEBUG_INFO = NO;
				MTL_FAST_MATH = YES;
				SDKROOT = iphoneos;
				SWIFT_COMPILATION_MODE = wholemodule;
				SWIFT_OPTIMIZATION_LEVEL = "-O";
				VALIDATE_PRODUCT = YES;
			};
			name = Release;
		};
		18BC4CF329A630DA00BBA669 /* Debug */ = {
			isa = XCBuildConfiguration;
			baseConfigurationReference = 9A612BD6E7BAAEEC6779C465 /* Pods-LocalizationDemo.debug.xcconfig */;
			buildSettings = {
				ASSETCATALOG_COMPILER_APPICON_NAME = AppIcon;
				ASSETCATALOG_COMPILER_GLOBAL_ACCENT_COLOR_NAME = AccentColor;
				CODE_SIGN_STYLE = Automatic;
				CURRENT_PROJECT_VERSION = 1;
				GENERATE_INFOPLIST_FILE = YES;
				INFOPLIST_FILE = LocalizationDemo/Info.plist;
				INFOPLIST_KEY_UIApplicationSupportsIndirectInputEvents = YES;
				INFOPLIST_KEY_UILaunchStoryboardName = LaunchScreen;
				INFOPLIST_KEY_UIMainStoryboardFile = Main;
				INFOPLIST_KEY_UISupportedInterfaceOrientations_iPad = "UIInterfaceOrientationPortrait UIInterfaceOrientationPortraitUpsideDown UIInterfaceOrientationLandscapeLeft UIInterfaceOrientationLandscapeRight";
				INFOPLIST_KEY_UISupportedInterfaceOrientations_iPhone = "UIInterfaceOrientationPortrait UIInterfaceOrientationLandscapeLeft UIInterfaceOrientationLandscapeRight";
				IPHONEOS_DEPLOYMENT_TARGET = 13.0;
				LD_RUNPATH_SEARCH_PATHS = (
					"$(inherited)",
					"@executable_path/Frameworks",
				);
				MARKETING_VERSION = 1.0;
				PRODUCT_BUNDLE_IDENTIFIER = com.testBosch.LocalizationDemo;
				PRODUCT_NAME = "$(TARGET_NAME)";
				SWIFT_EMIT_LOC_STRINGS = YES;
				SWIFT_VERSION = 5.0;
				TARGETED_DEVICE_FAMILY = "1,2";
			};
			name = Debug;
		};
		18BC4CF429A630DA00BBA669 /* Release */ = {
			isa = XCBuildConfiguration;
			baseConfigurationReference = DC06D406E7161A7B432DBB9A /* Pods-LocalizationDemo.release.xcconfig */;
			buildSettings = {
				ASSETCATALOG_COMPILER_APPICON_NAME = AppIcon;
				ASSETCATALOG_COMPILER_GLOBAL_ACCENT_COLOR_NAME = AccentColor;
				CODE_SIGN_STYLE = Automatic;
				CURRENT_PROJECT_VERSION = 1;
				GENERATE_INFOPLIST_FILE = YES;
				INFOPLIST_FILE = LocalizationDemo/Info.plist;
				INFOPLIST_KEY_UIApplicationSupportsIndirectInputEvents = YES;
				INFOPLIST_KEY_UILaunchStoryboardName = LaunchScreen;
				INFOPLIST_KEY_UIMainStoryboardFile = Main;
				INFOPLIST_KEY_UISupportedInterfaceOrientations_iPad = "UIInterfaceOrientationPortrait UIInterfaceOrientationPortraitUpsideDown UIInterfaceOrientationLandscapeLeft UIInterfaceOrientationLandscapeRight";
				INFOPLIST_KEY_UISupportedInterfaceOrientations_iPhone = "UIInterfaceOrientationPortrait UIInterfaceOrientationLandscapeLeft UIInterfaceOrientationLandscapeRight";
				IPHONEOS_DEPLOYMENT_TARGET = 13.0;
				LD_RUNPATH_SEARCH_PATHS = (
					"$(inherited)",
					"@executable_path/Frameworks",
				);
				MARKETING_VERSION = 1.0;
				PRODUCT_BUNDLE_IDENTIFIER = com.testBosch.LocalizationDemo;
				PRODUCT_NAME = "$(TARGET_NAME)";
				SWIFT_EMIT_LOC_STRINGS = YES;
				SWIFT_VERSION = 5.0;
				TARGETED_DEVICE_FAMILY = "1,2";
			};
			name = Release;
		};
/* End XCBuildConfiguration section */

/* Begin XCConfigurationList section */
		18BC4CD929A630D700BBA669 /* Build configuration list for PBXProject "LocalizationDemo" */ = {
			isa = XCConfigurationList;
			buildConfigurations = (
				18BC4CF029A630DA00BBA669 /* Debug */,
				18BC4CF129A630DA00BBA669 /* Release */,
			);
			defaultConfigurationIsVisible = 0;
			defaultConfigurationName = Release;
		};
		18BC4CF229A630DA00BBA669 /* Build configuration list for PBXNativeTarget "LocalizationDemo" */ = {
			isa = XCConfigurationList;
			buildConfigurations = (
				18BC4CF329A630DA00BBA669 /* Debug */,
				18BC4CF429A630DA00BBA669 /* Release */,
			);
			defaultConfigurationIsVisible = 0;
			defaultConfigurationName = Release;
		};
/* End XCConfigurationList section */
	};
	rootObject = 18BC4CD629A630D700BBA669 /* Project object */;
}
